
Microsoft Visual Studio Solution File, Format Version 12.00
# Visual Studio Version 17
VisualStudioVersion = 17.0.31903.59
MinimumVisualStudioVersion = 10.0.40219.1
Project("{FAE04EC0-301F-11D3-BF4B-00C04F79EFBC}") = "PlaygroundService", "PlaygroundService.csproj", "{EBA4F01C-58FF-4C28-9922-18DB4B51A50D}"
EndProject
Global
	GlobalSection(SolutionConfigurationPlatforms) = preSolution
		Debug|Any CPU = Debug|Any CPU
		Release|Any CPU = Release|Any CPU
	EndGlobalSection
	GlobalSection(SolutionProperties) = preSolution
		HideSolutionNode = FALSE
	EndGlobalSection
	GlobalSection(ProjectConfigurationPlatforms) = postSolution
		{EBA4F01C-58FF-4C28-9922-18DB4B51A50D}.Debug|Any CPU.ActiveCfg = Debug|Any CPU
		{EBA4F01C-58FF-4C28-9922-18DB4B51A50D}.Debug|Any CPU.Build.0 = Debug|Any CPU
		{EBA4F01C-58FF-4C28-9922-18DB4B51A50D}.Release|Any CPU.ActiveCfg = Release|Any CPU
		{EBA4F01C-58FF-4C28-9922-18DB4B51A50D}.Release|Any CPU.Build.0 = Release|Any CPU
	EndGlobalSection
EndGlobal
